
Microsoft Visual Studio Solution File, Format Version 12.00
# Visual Studio Version 16
VisualStudioVersion = 16.0.30709.132
MinimumVisualStudioVersion = 10.0.40219.1
Project("{9A19103F-16F7-4668-BE54-9A1E7A4F7556}") = "AceQL.Client", "AceQLClient\AceQL.Client.csproj", "{934FBDFA-CA2B-468F-B703-4496AE81A0DD}"
EndProject
Project("{9A19103F-16F7-4668-BE54-9A1E7A4F7556}") = "AceQL.Client.Tests2", "AceQL.Client.Tests2\AceQL.Client.Tests2.csproj", "{F5D12D9C-B6F5-4560-8610-B7DE189C8849}"
EndProject
Global
	GlobalSection(SolutionConfigurationPlatforms) = preSolution
		Debug|Any CPU = Debug|Any CPU
		Release|Any CPU = Release|Any CPU
	EndGlobalSection
	GlobalSection(ProjectConfigurationPlatforms) = postSolution
		{934FBDFA-CA2B-468F-B703-4496AE81A0DD}.Debug|Any CPU.ActiveCfg = Debug|Any CPU
		{934FBDFA-CA2B-468F-B703-4496AE81A0DD}.Debug|Any CPU.Build.0 = Debug|Any CPU
		{934FBDFA-CA2B-468F-B703-4496AE81A0DD}.Release|Any CPU.ActiveCfg = Release|Any CPU
		{934FBDFA-CA2B-468F-B703-4496AE81A0DD}.Release|Any CPU.Build.0 = Release|Any CPU
		{F5D12D9C-B6F5-4560-8610-B7DE189C8849}.Debug|Any CPU.ActiveCfg = Debug|Any CPU
		{F5D12D9C-B6F5-4560-8610-B7DE189C8849}.Debug|Any CPU.Build.0 = Debug|Any CPU
		{F5D12D9C-B6F5-4560-8610-B7DE189C8849}.Release|Any CPU.ActiveCfg = Release|Any CPU
		{F5D12D9C-B6F5-4560-8610-B7DE189C8849}.Release|Any CPU.Build.0 = Release|Any CPU
	EndGlobalSection
	GlobalSection(SolutionProperties) = preSolution
		HideSolutionNode = FALSE
	EndGlobalSection
	GlobalSection(ExtensibilityGlobals) = postSolution
		SolutionGuid = {D7419841-9362-471C-9A49-03234C4C9C96}
	EndGlobalSection
EndGlobal
